{
  "nodes": {
    "flake-parts": {
      "inputs": {
        "nixpkgs-lib": [
          "nixpkgs-unfree",
          "nixpkgs"
        ]
      },
      "locked": {
        "lastModified": 1706830856,
        "narHash": "sha256-a0NYyp+h9hlb7ddVz4LUn1vT/PLwqfrWYcHMvFB1xYg=",
        "owner": "hercules-ci",
        "repo": "flake-parts",
        "rev": "b253292d9c0a5ead9bc98c4e9a26c6312e27d69f",
        "type": "github"
      },
      "original": {
        "owner": "hercules-ci",
        "repo": "flake-parts",
        "type": "github"
      }
    },
    "flake-utils": {
      "inputs": {
        "systems": "systems"
      },
      "locked": {
        "lastModified": 1709126324,
        "narHash": "sha256-q6EQdSeUZOG26WelxqkmR7kArjgWCdw5sfJVHPH/7j8=",
        "owner": "numtide",
        "repo": "flake-utils",
        "rev": "d465f4819400de7c8d874d50b982301f28a84605",
        "type": "github"
      },
      "original": {
        "owner": "numtide",
        "repo": "flake-utils",
        "type": "github"
      }
    },
    "flake-utils_2": {
      "inputs": {
        "systems": "systems_2"
      },
      "locked": {
        "lastModified": 1705309234,
        "narHash": "sha256-uNRRNRKmJyCRC/8y1RqBkqWBLM034y4qN7EprSdmgyA=",
        "owner": "numtide",
        "repo": "flake-utils",
        "rev": "1ef2e671c3b0c19053962c07dbda38332dcebf26",
        "type": "github"
      },
      "original": {
        "owner": "numtide",
        "repo": "flake-utils",
        "type": "github"
      }
    },
    "hercules-ci-effects": {
      "inputs": {
        "flake-parts": [
          "nixpkgs-unfree",
          "flake-parts"
        ],
        "nixpkgs": [
          "nixpkgs-unfree",
          "nixpkgs"
        ]
      },
      "locked": {
        "lastModified": 1708547820,
        "narHash": "sha256-xU/KC1PWqq5zL9dQ9wYhcdgxAwdeF/dJCLPH3PNZEBg=",
        "owner": "hercules-ci",
        "repo": "hercules-ci-effects",
        "rev": "0ca27bd58e4d5be3135a4bef66b582e57abe8f4a",
        "type": "github"
      },
      "original": {
        "owner": "hercules-ci",
        "repo": "hercules-ci-effects",
        "type": "github"
      }
    },
    "home-manager": {
      "inputs": {
        "nixpkgs": [
          "nixpkgs"
        ]
      },
      "locked": {
        "lastModified": 1710888565,
        "narHash": "sha256-s9Hi4RHhc6yut4EcYD50sZWRDKsugBJHSbON8KFwoTw=",
        "owner": "nix-community",
        "repo": "home-manager",
        "rev": "f33900124c23c4eca5831b9b5eb32ea5894375ce",
        "type": "github"
      },
      "original": {
        "owner": "nix-community",
        "ref": "release-23.11",
        "repo": "home-manager",
        "type": "github"
      }
    },
    "nix-github-actions": {
      "inputs": {
        "nixpkgs": [
          "openconnect-sso",
          "poetry2nix",
          "nixpkgs"
        ]
      },
      "locked": {
        "lastModified": 1703863825,
        "narHash": "sha256-rXwqjtwiGKJheXB43ybM8NwWB8rO2dSRrEqes0S7F5Y=",
        "owner": "nix-community",
        "repo": "nix-github-actions",
        "rev": "5163432afc817cf8bd1f031418d1869e4c9d5547",
        "type": "github"
      },
      "original": {
        "owner": "nix-community",
        "repo": "nix-github-actions",
        "type": "github"
      }
    },
    "nix-ld": {
      "inputs": {
        "nixpkgs": [
          "nixpkgs"
        ]
      },
      "locked": {
        "lastModified": 1701153607,
        "narHash": "sha256-h+odOVyiGmEERMECoFOj5P7FPiMR8IPRzroFA4sKivg=",
        "owner": "Mic92",
        "repo": "nix-ld",
        "rev": "bf5aa84a713c31d95b4307e442e966d6c7fd7ae7",
        "type": "github"
      },
      "original": {
        "owner": "Mic92",
        "repo": "nix-ld",
        "type": "github"
      }
    },
    "nixpkgs": {
      "locked": {
        "lastModified": 1711460390,
        "narHash": "sha256-akSgjDZL6pVHEfSE6sz1DNSXuYX6hq+P/1Z5IoYWs7E=",
        "owner": "nixos",
        "repo": "nixpkgs",
        "rev": "44733514b72e732bd49f5511bd0203dea9b9a434",
        "type": "github"
      },
      "original": {
        "owner": "nixos",
        "ref": "nixos-23.11",
        "repo": "nixpkgs",
        "type": "github"
      }
    },
    "nixpkgs-cuda-updates": {
      "locked": {
        "lastModified": 1706111642,
        "narHash": "sha256-aSnwAXb5ZjbfHfTLRV7IGXTcJDI0NGlyrhA/mU5t3tA=",
        "owner": "NixOS",
        "repo": "nixpkgs",
        "rev": "618fd0e6bbb1cc68833afecc6fe09cd77cb355dd",
        "type": "github"
      },
      "original": {
        "owner": "NixOS",
        "ref": "cuda-updates",
        "repo": "nixpkgs",
        "type": "github"
      }
    },
    "nixpkgs-master": {
      "locked": {
        "lastModified": 1708739043,
        "narHash": "sha256-br88FhLMrqasHkf624hoBP4SY/W73zfcvyGfK+KSTj4=",
        "owner": "NixOS",
        "repo": "nixpkgs",
        "rev": "a438c431ba249e81f2bdb3dedd6b79492d2b7238",
        "type": "github"
      },
      "original": {
        "owner": "NixOS",
        "ref": "master",
        "repo": "nixpkgs",
        "type": "github"
      }
    },
    "nixpkgs-nixos-unstable": {
      "locked": {
        "lastModified": 1708655239,
        "narHash": "sha256-ZrP/yACUvDB+zbqYJsln4iwotbH6CTZiTkANJ0AgDv4=",
        "owner": "NixOS",
        "repo": "nixpkgs",
        "rev": "cbc4211f0afffe6dfd2478a62615dd5175a13f9a",
        "type": "github"
      },
      "original": {
        "owner": "NixOS",
        "ref": "nixos-unstable",
        "repo": "nixpkgs",
        "type": "github"
      }
    },
    "nixpkgs-nixpkgs-unstable": {
      "locked": {
        "lastModified": 1708692673,
        "narHash": "sha256-qIQMXkkp3/Lo2Zu41BK/oN3Dt3b5rUJELvt+CbAXPXw=",
        "owner": "NixOS",
        "repo": "nixpkgs",
        "rev": "48b75eb6e521f2303cb3cd53a94ec80021b422aa",
        "type": "github"
      },
      "original": {
        "owner": "NixOS",
        "ref": "nixpkgs-unstable",
        "repo": "nixpkgs",
        "type": "github"
      }
    },
    "nixpkgs-release": {
      "locked": {
        "lastModified": 1708566995,
        "narHash": "sha256-e/THimsoxxMAHSbwMKov5f5Yg+utTj6XVGEo24Lhx+0=",
        "owner": "NixOS",
        "repo": "nixpkgs",
        "rev": "3cb4ae6689d2aa3f363516234572613b31212b78",
        "type": "github"
      },
      "original": {
        "owner": "NixOS",
        "ref": "nixos-23.11",
        "repo": "nixpkgs",
        "type": "github"
      }
    },
    "nixpkgs-release-staging": {
      "locked": {
        "lastModified": 1708733564,
        "narHash": "sha256-ZKr+iCSSlfidWd0M9VjFBPsjkQHtzKRRda20WfEeWd8=",
        "owner": "NixOS",
        "repo": "nixpkgs",
        "rev": "7d6d55f7002c77cd83aed1eb5a3759347eba1a1c",
        "type": "github"
      },
      "original": {
        "owner": "NixOS",
        "ref": "staging-23.11",
        "repo": "nixpkgs",
        "type": "github"
      }
    },
    "nixpkgs-unfree": {
      "inputs": {
        "flake-parts": "flake-parts",
        "hercules-ci-effects": "hercules-ci-effects",
        "nixpkgs": [
          "nixpkgs-unstable"
        ],
        "nixpkgs-cuda-updates": "nixpkgs-cuda-updates",
        "nixpkgs-master": "nixpkgs-master",
        "nixpkgs-nixos-unstable": "nixpkgs-nixos-unstable",
        "nixpkgs-nixpkgs-unstable": "nixpkgs-nixpkgs-unstable",
        "nixpkgs-release": "nixpkgs-release",
        "nixpkgs-release-staging": "nixpkgs-release-staging"
      },
      "locked": {
        "lastModified": 1709598304,
        "narHash": "sha256-tC7IgwfMzzeylbkKGW+AiOhp2N89vg9fvlsLQNSiyJ4=",
        "owner": "SomeoneSerge",
        "repo": "nixpkgs-unfree",
        "rev": "a2cd8afa772e863829451738daab6ddc9e85ae68",
        "type": "github"
      },
      "original": {
        "owner": "SomeoneSerge",
        "repo": "nixpkgs-unfree",
        "type": "github"
      }
    },
    "nixpkgs-unstable": {
      "locked": {
        "lastModified": 1710631334,
        "narHash": "sha256-rL5LSYd85kplL5othxK5lmAtjyMOBg390sGBTb3LRMM=",
        "owner": "nixos",
        "repo": "nixpkgs",
        "rev": "c75037bbf9093a2acb617804ee46320d6d1fea5a",
        "type": "github"
      },
      "original": {
        "owner": "nixos",
        "ref": "nixos-unstable",
        "repo": "nixpkgs",
        "type": "github"
      }
    },
    "nixpkgs_2": {
      "locked": {
        "lastModified": 1709200309,
        "narHash": "sha256-lKdtMbhnBNU1lr978T+wEYet3sfIXXgyiDZNEgx8CV8=",
        "owner": "NixOS",
        "repo": "nixpkgs",
        "rev": "ebe6e807793e7c9cc59cf81225fdee1a03413811",
        "type": "github"
      },
      "original": {
        "id": "nixpkgs",
        "type": "indirect"
      }
    },
    "nixpkgs_3": {
      "locked": {
        "lastModified": 1708422533,
        "narHash": "sha256-OJxUslyGM/Eni66IOq8WGCjpM3H0vEfdv+fwzUmsOSY=",
        "owner": "NixOS",
        "repo": "nixpkgs",
        "rev": "e1135102e9ae9f7fe84147f9700a17cf4839f97f",
        "type": "github"
      },
      "original": {
        "owner": "NixOS",
        "ref": "master",
        "repo": "nixpkgs",
        "type": "github"
      }
    },
    "nixpkgs_4": {
      "locked": {
        "lastModified": 1710806803,
        "narHash": "sha256-qrxvLS888pNJFwJdK+hf1wpRCSQcqA6W5+Ox202NDa0=",
        "owner": "NixOS",
        "repo": "nixpkgs",
        "rev": "b06025f1533a1e07b6db3e75151caa155d1c7eb3",
        "type": "github"
      },
      "original": {
        "owner": "NixOS",
        "ref": "nixos-unstable",
        "repo": "nixpkgs",
        "type": "github"
      }
    },
    "openconnect-sso": {
      "inputs": {
        "flake-utils": "flake-utils",
        "nixpkgs": "nixpkgs_2",
        "poetry2nix": "poetry2nix"
      },
      "locked": {
        "lastModified": 1709259681,
        "narHash": "sha256-J3gLrC095S9HCvGeDQkuRGu5AEyv4s2onbGCCYYfyck=",
        "owner": "moinakb001",
        "repo": "openconnect-sso",
        "rev": "4ab84beba3b0740a524950b3368cba00eb4d22fa",
        "type": "github"
      },
      "original": {
        "owner": "moinakb001",
        "repo": "openconnect-sso",
        "type": "github"
      }
    },
    "plasma-manager": {
      "inputs": {
        "home-manager": [
          "home-manager"
        ],
        "nixpkgs": [
          "nixpkgs"
        ]
      },
      "locked": {
        "lastModified": 1691334417,
        "narHash": "sha256-xElhcE8Ibb2Or5+Ou0tlVv2xGYFZWP7OV/nyvbvwNpQ=",
        "owner": "mcdonc",
        "repo": "plasma-manager",
        "rev": "325b307974df79af68a1620fb47c5875d8997a91",
        "type": "github"
      },
      "original": {
        "owner": "mcdonc",
        "ref": "enable-look-and-feel-settings",
        "repo": "plasma-manager",
        "type": "github"
      }
    },
    "poetry2nix": {
      "inputs": {
        "flake-utils": "flake-utils_2",
        "nix-github-actions": "nix-github-actions",
        "nixpkgs": "nixpkgs_3",
        "systems": "systems_3",
        "treefmt-nix": "treefmt-nix"
      },
      "locked": {
        "lastModified": 1708589824,
        "narHash": "sha256-2GOiFTkvs5MtVF65sC78KNVxQSmsxtk0WmV1wJ9V2ck=",
        "owner": "nix-community",
        "repo": "poetry2nix",
        "rev": "3c92540611f42d3fb2d0d084a6c694cd6544b609",
        "type": "github"
      },
      "original": {
        "owner": "nix-community",
        "repo": "poetry2nix",
        "type": "github"
      }
    },
    "root": {
      "inputs": {
        "home-manager": "home-manager",
        "nix-ld": "nix-ld",
        "nixpkgs": "nixpkgs",
        "nixpkgs-unfree": "nixpkgs-unfree",
        "nixpkgs-unstable": "nixpkgs-unstable",
        "openconnect-sso": "openconnect-sso",
        "plasma-manager": "plasma-manager",
        "yuzu": "yuzu"
      }
    },
    "systems": {
      "locked": {
        "lastModified": 1681028828,
        "narHash": "sha256-Vy1rq5AaRuLzOxct8nz4T6wlgyUR7zLU309k9mBC768=",
        "owner": "nix-systems",
        "repo": "default",
        "rev": "da67096a3b9bf56a91d16901293e51ba5b49a27e",
        "type": "github"
      },
      "original": {
        "owner": "nix-systems",
        "repo": "default",
        "type": "github"
      }
    },
    "systems_2": {
      "locked": {
        "lastModified": 1681028828,
        "narHash": "sha256-Vy1rq5AaRuLzOxct8nz4T6wlgyUR7zLU309k9mBC768=",
        "owner": "nix-systems",
        "repo": "default",
        "rev": "da67096a3b9bf56a91d16901293e51ba5b49a27e",
        "type": "github"
      },
      "original": {
        "owner": "nix-systems",
        "repo": "default",
        "type": "github"
      }
    },
    "systems_3": {
      "locked": {
        "lastModified": 1681028828,
        "narHash": "sha256-Vy1rq5AaRuLzOxct8nz4T6wlgyUR7zLU309k9mBC768=",
        "owner": "nix-systems",
        "repo": "default",
        "rev": "da67096a3b9bf56a91d16901293e51ba5b49a27e",
        "type": "github"
      },
      "original": {
        "id": "systems",
        "type": "indirect"
      }
    },
    "treefmt-nix": {
      "inputs": {
        "nixpkgs": [
          "openconnect-sso",
          "poetry2nix",
          "nixpkgs"
        ]
      },
      "locked": {
        "lastModified": 1708335038,
        "narHash": "sha256-ETLZNFBVCabo7lJrpjD6cAbnE11eDOjaQnznmg/6hAE=",
        "owner": "numtide",
        "repo": "treefmt-nix",
        "rev": "e504621290a1fd896631ddbc5e9c16f4366c9f65",
        "type": "github"
      },
      "original": {
        "owner": "numtide",
        "repo": "treefmt-nix",
        "type": "github"
      }
    },
    "yuzu": {
      "inputs": {
        "nixpkgs": "nixpkgs_4"
      },
      "locked": {
        "lastModified": 1710945972,
        "narHash": "sha256-8KQseeV8HTXzxl5ZjhNaErLSNkkbh7TWiTMfc3/8CAA=",
        "ref": "refs/heads/main",
        "rev": "2f6787644b6c4706e0454c9f06b99f354972b935",
        "revCount": 4,
        "type": "git",
        "url": "https:///codeberg.org/K900/yuzu-flake"
      },
      "original": {
        "type": "git",
        "url": "https:///codeberg.org/K900/yuzu-flake"
      }
    }
  },
  "root": "root",
  "version": 7
}
